
Microsoft Visual Studio Solution File, Format Version 12.00
# Visual Studio Version 16
VisualStudioVersion = 16.0.29709.97
MinimumVisualStudioVersion = 10.0.40219.1
Project("{FAE04EC0-301F-11D3-BF4B-00C04F79EFBC}") = "Lievelings.Wpf", "Lievelings.Wpf\Lievelings.Wpf.csproj", "{7D62229C-3BB4-4ECF-A440-166769E4C222}"
EndProject
Global
	GlobalSection(SolutionConfigurationPlatforms) = preSolution
		Debug|Any CPU = Debug|Any CPU
		Release|Any CPU = Release|Any CPU
	EndGlobalSection
	GlobalSection(ProjectConfigurationPlatforms) = postSolution
		{7D62229C-3BB4-4ECF-A440-166769E4C222}.Debug|Any CPU.ActiveCfg = Debug|Any CPU
		{7D62229C-3BB4-4ECF-A440-166769E4C222}.Debug|Any CPU.Build.0 = Debug|Any CPU
		{7D62229C-3BB4-4ECF-A440-166769E4C222}.Release|Any CPU.ActiveCfg = Release|Any CPU
		{7D62229C-3BB4-4ECF-A440-166769E4C222}.Release|Any CPU.Build.0 = Release|Any CPU
	EndGlobalSection
	GlobalSection(SolutionProperties) = preSolution
		HideSolutionNode = FALSE
	EndGlobalSection
	GlobalSection(ExtensibilityGlobals) = postSolution
		SolutionGuid = {AEFEDB64-03C6-41F6-A482-B6F32D2BBC64}
	EndGlobalSection
EndGlobal
